
Microsoft Visual Studio Solution File, Format Version 12.00
# Visual Studio Version 17
VisualStudioVersion = 17.10.34916.146
MinimumVisualStudioVersion = 10.0.40219.1
Project("{FAE04EC0-301F-11D3-BF4B-00C04F79EFBC}") = "jogoVelha", "jogoVelha.csproj", "{E4CD2FF4-B85E-4846-925A-0406F3372EFB}"
EndProject
Global
	GlobalSection(SolutionConfigurationPlatforms) = preSolution
		Debug|Any CPU = Debug|Any CPU
		Release|Any CPU = Release|Any CPU
	EndGlobalSection
	GlobalSection(ProjectConfigurationPlatforms) = postSolution
		{E4CD2FF4-B85E-4846-925A-0406F3372EFB}.Debug|Any CPU.ActiveCfg = Debug|Any CPU
		{E4CD2FF4-B85E-4846-925A-0406F3372EFB}.Debug|Any CPU.Build.0 = Debug|Any CPU
		{E4CD2FF4-B85E-4846-925A-0406F3372EFB}.Release|Any CPU.ActiveCfg = Release|Any CPU
		{E4CD2FF4-B85E-4846-925A-0406F3372EFB}.Release|Any CPU.Build.0 = Release|Any CPU
	EndGlobalSection
	GlobalSection(SolutionProperties) = preSolution
		HideSolutionNode = FALSE
	EndGlobalSection
	GlobalSection(ExtensibilityGlobals) = postSolution
		SolutionGuid = {3C75C899-F5FC-4E46-8F42-8A7CAD0692FF}
	EndGlobalSection
EndGlobal
